
Microsoft Visual Studio Solution File, Format Version 12.00
# Visual Studio 15
VisualStudioVersion = 15.0.27004.2005
MinimumVisualStudioVersion = 10.0.40219.1
Project("{FAE04EC0-301F-11D3-BF4B-00C04F79EFBC}") = "HT2018", "HT2018\HT2018.csproj", "{FD28E419-852B-4E85-AAD8-30E5C9CB05A7}"
EndProject
Global
	GlobalSection(SolutionConfigurationPlatforms) = preSolution
		Debug|Any CPU = Debug|Any CPU
		Release|Any CPU = Release|Any CPU
	EndGlobalSection
	GlobalSection(ProjectConfigurationPlatforms) = postSolution
		{FD28E419-852B-4E85-AAD8-30E5C9CB05A7}.Debug|Any CPU.ActiveCfg = Debug|Any CPU
		{FD28E419-852B-4E85-AAD8-30E5C9CB05A7}.Debug|Any CPU.Build.0 = Debug|Any CPU
		{FD28E419-852B-4E85-AAD8-30E5C9CB05A7}.Release|Any CPU.ActiveCfg = Release|Any CPU
		{FD28E419-852B-4E85-AAD8-30E5C9CB05A7}.Release|Any CPU.Build.0 = Release|Any CPU
	EndGlobalSection
	GlobalSection(SolutionProperties) = preSolution
		HideSolutionNode = FALSE
	EndGlobalSection
	GlobalSection(ExtensibilityGlobals) = postSolution
		SolutionGuid = {FDAE3714-E8A0-4B16-9CDC-F6CA16C26927}
	EndGlobalSection
EndGlobal
